// !$*UTF8*$!
{
	archiveVersion = 1;
	classes = {
	};
	objectVersion = 56;
	objects = {

/* Begin PBXBuildFile section */
		8CB9E76829EEFEF2000BEF6E /* AppDelegate.swift in Sources */ = {isa = PBXBuildFile; fileRef = 8CB9E76729EEFEF2000BEF6E /* AppDelegate.swift */; };
		8CB9E76A29EEFEF2000BEF6E /* SceneDelegate.swift in Sources */ = {isa = PBXBuildFile; fileRef = 8CB9E76929EEFEF2000BEF6E /* SceneDelegate.swift */; };
		8CB9E76C29EEFEF2000BEF6E /* ViewController.swift in Sources */ = {isa = PBXBuildFile; fileRef = 8CB9E76B29EEFEF2000BEF6E /* ViewController.swift */; };
		8CB9E76F29EEFEF2000BEF6E /* Main.storyboard in Resources */ = {isa = PBXBuildFile; fileRef = 8CB9E76D29EEFEF2000BEF6E /* Main.storyboard */; };
		8CB9E77229EEFEF2000BEF6E /* Fitness_Tracker_App.xcdatamodeld in Sources */ = {isa = PBXBuildFile; fileRef = 8CB9E77029EEFEF2000BEF6E /* Fitness_Tracker_App.xcdatamodeld */; };
		8CB9E77429EEFEF3000BEF6E /* Assets.xcassets in Resources */ = {isa = PBXBuildFile; fileRef = 8CB9E77329EEFEF3000BEF6E /* Assets.xcassets */; };
		8CB9E77729EEFEF3000BEF6E /* LaunchScreen.storyboard in Resources */ = {isa = PBXBuildFile; fileRef = 8CB9E77529EEFEF3000BEF6E /* LaunchScreen.storyboard */; };
		8CB9E78229EEFEF3000BEF6E /* Fitness_Tracker_AppTests.swift in Sources */ = {isa = PBXBuildFile; fileRef = 8CB9E78129EEFEF3000BEF6E /* Fitness_Tracker_AppTests.swift */; };
		8CB9E78C29EEFEF3000BEF6E /* Fitness_Tracker_AppUITests.swift in Sources */ = {isa = PBXBuildFile; fileRef = 8CB9E78B29EEFEF3000BEF6E /* Fitness_Tracker_AppUITests.swift */; };
		8CB9E78E29EEFEF3000BEF6E /* Fitness_Tracker_AppUITestsLaunchTests.swift in Sources */ = {isa = PBXBuildFile; fileRef = 8CB9E78D29EEFEF3000BEF6E /* Fitness_Tracker_AppUITestsLaunchTests.swift */; };
/* End PBXBuildFile section */

/* Begin PBXContainerItemProxy section */
		8CB9E77E29EEFEF3000BEF6E /* PBXContainerItemProxy */ = {
			isa = PBXContainerItemProxy;
			containerPortal = 8CB9E75C29EEFEF2000BEF6E /* Project object */;
			proxyType = 1;
			remoteGlobalIDString = 8CB9E76329EEFEF2000BEF6E;
			remoteInfo = "Fitness Tracker App";
		};
		8CB9E78829EEFEF3000BEF6E /* PBXContainerItemProxy */ = {
			isa = PBXContainerItemProxy;
			containerPortal = 8CB9E75C29EEFEF2000BEF6E /* Project object */;
			proxyType = 1;
			remoteGlobalIDString = 8CB9E76329EEFEF2000BEF6E;
			remoteInfo = "Fitness Tracker App";
		};
/* End PBXContainerItemProxy section */

/* Begin PBXFileReference section */
		8CB9E76429EEFEF2000BEF6E /* Fitness Tracker App.app */ = {isa = PBXFileReference; explicitFileType = wrapper.application; includeInIndex = 0; path = "Fitness Tracker App.app"; sourceTree = BUILT_PRODUCTS_DIR; };
		8CB9E76729EEFEF2000BEF6E /* AppDelegate.swift */ = {isa = PBXFileReference; lastKnownFileType = sourcecode.swift; path = AppDelegate.swift; sourceTree = "<group>"; };
		8CB9E76929EEFEF2000BEF6E /* SceneDelegate.swift */ = {isa = PBXFileReference; lastKnownFileType = sourcecode.swift; path = SceneDelegate.swift; sourceTree = "<group>"; };
		8CB9E76B29EEFEF2000BEF6E /* ViewController.swift */ = {isa = PBXFileReference; lastKnownFileType = sourcecode.swift; path = ViewController.swift; sourceTree = "<group>"; };
		8CB9E76E29EEFEF2000BEF6E /* Base */ = {isa = PBXFileReference; lastKnownFileType = file.storyboard; name = Base; path = Base.lproj/Main.storyboard; sourceTree = "<group>"; };
		8CB9E77129EEFEF2000BEF6E /* Fitness_Tracker_App.xcdatamodel */ = {isa = PBXFileReference; lastKnownFileType = wrapper.xcdatamodel; path = Fitness_Tracker_App.xcdatamodel; sourceTree = "<group>"; };
		8CB9E77329EEFEF3000BEF6E /* Assets.xcassets */ = {isa = PBXFileReference; lastKnownFileType = folder.assetcatalog; path = Assets.xcassets; sourceTree = "<group>"; };
		8CB9E77629EEFEF3000BEF6E /* Base */ = {isa = PBXFileReference; lastKnownFileType = file.storyboard; name = Base; path = Base.lproj/LaunchScreen.storyboard; sourceTree = "<group>"; };
		8CB9E77829EEFEF3000BEF6E /* Info.plist */ = {isa = PBXFileReference; lastKnownFileType = text.plist.xml; path = Info.plist; sourceTree = "<group>"; };
		8CB9E77D29EEFEF3000BEF6E /* Fitness Tracker AppTests.xctest */ = {isa = PBXFileReference; explicitFileType = wrapper.cfbundle; includeInIndex = 0; path = "Fitness Tracker AppTests.xctest"; sourceTree = BUILT_PRODUCTS_DIR; };
		8CB9E78129EEFEF3000BEF6E /* Fitness_Tracker_AppTests.swift */ = {isa = PBXFileReference; lastKnownFileType = sourcecode.swift; path = Fitness_Tracker_AppTests.swift; sourceTree = "<group>"; };
		8CB9E78729EEFEF3000BEF6E /* Fitness Tracker AppUITests.xctest */ = {isa = PBXFileReference; explicitFileType = wrapper.cfbundle; includeInIndex = 0; path = "Fitness Tracker AppUITests.xctest"; sourceTree = BUILT_PRODUCTS_DIR; };
		8CB9E78B29EEFEF3000BEF6E /* Fitness_Tracker_AppUITests.swift */ = {isa = PBXFileReference; lastKnownFileType = sourcecode.swift; path = Fitness_Tracker_AppUITests.swift; sourceTree = "<group>"; };
		8CB9E78D29EEFEF3000BEF6E /* Fitness_Tracker_AppUITestsLaunchTests.swift */ = {isa = PBXFileReference; lastKnownFileType = sourcecode.swift; path = Fitness_Tracker_AppUITestsLaunchTests.swift; sourceTree = "<group>"; };
/* End PBXFileReference section */

/* Begin PBXFrameworksBuildPhase section */
		8CB9E76129EEFEF2000BEF6E /* Frameworks */ = {
			isa = PBXFrameworksBuildPhase;
			buildActionMask = 2147483647;
			files = (
			);
			runOnlyForDeploymentPostprocessing = 0;
		};
		8CB9E77A29EEFEF3000BEF6E /* Frameworks */ = {
			isa = PBXFrameworksBuildPhase;
			buildActionMask = 2147483647;
			files = (
			);
			runOnlyForDeploymentPostprocessing = 0;
		};
		8CB9E78429EEFEF3000BEF6E /* Frameworks */ = {
			isa = PBXFrameworksBuildPhase;
			buildActionMask = 2147483647;
			files = (
			);
			runOnlyForDeploymentPostprocessing = 0;
		};
/* End PBXFrameworksBuildPhase section */

/* Begin PBXGroup section */
		8CB9E75B29EEFEF2000BEF6E = {
			isa = PBXGroup;
			children = (
				8CB9E76629EEFEF2000BEF6E /* Fitness Tracker App */,
				8CB9E78029EEFEF3000BEF6E /* Fitness Tracker AppTests */,
				8CB9E78A29EEFEF3000BEF6E /* Fitness Tracker AppUITests */,
				8CB9E76529EEFEF2000BEF6E /* Products */,
			);
			sourceTree = "<group>";
		};
		8CB9E76529EEFEF2000BEF6E /* Products */ = {
			isa = PBXGroup;
			children = (
				8CB9E76429EEFEF2000BEF6E /* Fitness Tracker App.app */,
				8CB9E77D29EEFEF3000BEF6E /* Fitness Tracker AppTests.xctest */,
				8CB9E78729EEFEF3000BEF6E /* Fitness Tracker AppUITests.xctest */,
			);
			name = Products;
			sourceTree = "<group>";
		};
		8CB9E76629EEFEF2000BEF6E /* Fitness Tracker App */ = {
			isa = PBXGroup;
			children = (
				8CB9E76729EEFEF2000BEF6E /* AppDelegate.swift */,
				8CB9E76929EEFEF2000BEF6E /* SceneDelegate.swift */,
				8CB9E76B29EEFEF2000BEF6E /* ViewController.swift */,
				8CB9E76D29EEFEF2000BEF6E /* Main.storyboard */,
				8CB9E77329EEFEF3000BEF6E /* Assets.xcassets */,
				8CB9E77529EEFEF3000BEF6E /* LaunchScreen.storyboard */,
				8CB9E77829EEFEF3000BEF6E /* Info.plist */,
				8CB9E77029EEFEF2000BEF6E /* Fitness_Tracker_App.xcdatamodeld */,
			);
			path = "Fitness Tracker App";
			sourceTree = "<group>";
		};
		8CB9E78029EEFEF3000BEF6E /* Fitness Tracker AppTests */ = {
			isa = PBXGroup;
			children = (
				8CB9E78129EEFEF3000BEF6E /* Fitness_Tracker_AppTests.swift */,
			);
			path = "Fitness Tracker AppTests";
			sourceTree = "<group>";
		};
		8CB9E78A29EEFEF3000BEF6E /* Fitness Tracker AppUITests */ = {
			isa = PBXGroup;
			children = (
				8CB9E78B29EEFEF3000BEF6E /* Fitness_Tracker_AppUITests.swift */,
				8CB9E78D29EEFEF3000BEF6E /* Fitness_Tracker_AppUITestsLaunchTests.swift */,
			);
			path = "Fitness Tracker AppUITests";
			sourceTree = "<group>";
		};
/* End PBXGroup section */

/* Begin PBXNativeTarget section */
		8CB9E76329EEFEF2000BEF6E /* Fitness Tracker App */ = {
			isa = PBXNativeTarget;
			buildConfigurationList = 8CB9E79129EEFEF3000BEF6E /* Build configuration list for PBXNativeTarget "Fitness Tracker App" */;
			buildPhases = (
				8CB9E76029EEFEF2000BEF6E /* Sources */,
				8CB9E76129EEFEF2000BEF6E /* Frameworks */,
				8CB9E76229EEFEF2000BEF6E /* Resources */,
			);
			buildRules = (
			);
			dependencies = (
			);
			name = "Fitness Tracker App";
			productName = "Fitness Tracker App";
			productReference = 8CB9E76429EEFEF2000BEF6E /* Fitness Tracker App.app */;
			productType = "com.apple.product-type.application";
		};
		8CB9E77C29EEFEF3000BEF6E /* Fitness Tracker AppTests */ = {
			isa = PBXNativeTarget;
			buildConfigurationList = 8CB9E79429EEFEF3000BEF6E /* Build configuration list for PBXNativeTarget "Fitness Tracker AppTests" */;
			buildPhases = (
				8CB9E77929EEFEF3000BEF6E /* Sources */,
				8CB9E77A29EEFEF3000BEF6E /* Frameworks */,
				8CB9E77B29EEFEF3000BEF6E /* Resources */,
			);
			buildRules = (
			);
			dependencies = (
				8CB9E77F29EEFEF3000BEF6E /* PBXTargetDependency */,
			);
			name = "Fitness Tracker AppTests";
			productName = "Fitness Tracker AppTests";
			productReference = 8CB9E77D29EEFEF3000BEF6E /* Fitness Tracker AppTests.xctest */;
			productType = "com.apple.product-type.bundle.unit-test";
		};
		8CB9E78629EEFEF3000BEF6E /* Fitness Tracker AppUITests */ = {
			isa = PBXNativeTarget;
			buildConfigurationList = 8CB9E79729EEFEF3000BEF6E /* Build configuration list for PBXNativeTarget "Fitness Tracker AppUITests" */;
			buildPhases = (
				8CB9E78329EEFEF3000BEF6E /* Sources */,
				8CB9E78429EEFEF3000BEF6E /* Frameworks */,
				8CB9E78529EEFEF3000BEF6E /* Resources */,
			);
			buildRules = (
			);
			dependencies = (
				8CB9E78929EEFEF3000BEF6E /* PBXTargetDependency */,
			);
			name = "Fitness Tracker AppUITests";
			productName = "Fitness Tracker AppUITests";
			productReference = 8CB9E78729EEFEF3000BEF6E /* Fitness Tracker AppUITests.xctest */;
			productType = "com.apple.product-type.bundle.ui-testing";
		};
/* End PBXNativeTarget section */

/* Begin PBXProject section */
		8CB9E75C29EEFEF2000BEF6E /* Project object */ = {
			isa = PBXProject;
			attributes = {
				BuildIndependentTargetsInParallel = 1;
				LastSwiftUpdateCheck = 1420;
				LastUpgradeCheck = 1420;
				TargetAttributes = {
					8CB9E76329EEFEF2000BEF6E = {
						CreatedOnToolsVersion = 14.2;
					};
					8CB9E77C29EEFEF3000BEF6E = {
						CreatedOnToolsVersion = 14.2;
						TestTargetID = 8CB9E76329EEFEF2000BEF6E;
					};
					8CB9E78629EEFEF3000BEF6E = {
						CreatedOnToolsVersion = 14.2;
						TestTargetID = 8CB9E76329EEFEF2000BEF6E;
					};
				};
			};
			buildConfigurationList = 8CB9E75F29EEFEF2000BEF6E /* Build configuration list for PBXProject "Fitness Tracker App" */;
			compatibilityVersion = "Xcode 14.0";
			developmentRegion = en;
			hasScannedForEncodings = 0;
			knownRegions = (
				en,
				Base,
			);
			mainGroup = 8CB9E75B29EEFEF2000BEF6E;
			productRefGroup = 8CB9E76529EEFEF2000BEF6E /* Products */;
			projectDirPath = "";
			projectRoot = "";
			targets = (
				8CB9E76329EEFEF2000BEF6E /* Fitness Tracker App */,
				8CB9E77C29EEFEF3000BEF6E /* Fitness Tracker AppTests */,
				8CB9E78629EEFEF3000BEF6E /* Fitness Tracker AppUITests */,
			);
		};
/* End PBXProject section */

/* Begin PBXResourcesBuildPhase section */
		8CB9E76229EEFEF2000BEF6E /* Resources */ = {
			isa = PBXResourcesBuildPhase;
			buildActionMask = 2147483647;
			files = (
				8CB9E77729EEFEF3000BEF6E /* LaunchScreen.storyboard in Resources */,
				8CB9E77429EEFEF3000BEF6E /* Assets.xcassets in Resources */,
				8CB9E76F29EEFEF2000BEF6E /* Main.storyboard in Resources */,
			);
			runOnlyForDeploymentPostprocessing = 0;
		};
		8CB9E77B29EEFEF3000BEF6E /* Resources */ = {
			isa = PBXResourcesBuildPhase;
			buildActionMask = 2147483647;
			files = (
			);
			runOnlyForDeploymentPostprocessing = 0;
		};
		8CB9E78529EEFEF3000BEF6E /* Resources */ = {
			isa = PBXResourcesBuildPhase;
			buildActionMask = 2147483647;
			files = (
			);
			runOnlyForDeploymentPostprocessing = 0;
		};
/* End PBXResourcesBuildPhase section */

/* Begin PBXSourcesBuildPhase section */
		8CB9E76029EEFEF2000BEF6E /* Sources */ = {
			isa = PBXSourcesBuildPhase;
			buildActionMask = 2147483647;
			files = (
				8CB9E76C29EEFEF2000BEF6E /* ViewController.swift in Sources */,
				8CB9E76829EEFEF2000BEF6E /* AppDelegate.swift in Sources */,
				8CB9E77229EEFEF2000BEF6E /* Fitness_Tracker_App.xcdatamodeld in Sources */,
				8CB9E76A29EEFEF2000BEF6E /* SceneDelegate.swift in Sources */,
			);
			runOnlyForDeploymentPostprocessing = 0;
		};
		8CB9E77929EEFEF3000BEF6E /* Sources */ = {
			isa = PBXSourcesBuildPhase;
			buildActionMask = 2147483647;
			files = (
				8CB9E78229EEFEF3000BEF6E /* Fitness_Tracker_AppTests.swift in Sources */,
			);
			runOnlyForDeploymentPostprocessing = 0;
		};
		8CB9E78329EEFEF3000BEF6E /* Sources */ = {
			isa = PBXSourcesBuildPhase;
			buildActionMask = 2147483647;
			files = (
				8CB9E78E29EEFEF3000BEF6E /* Fitness_Tracker_AppUITestsLaunchTests.swift in Sources */,
				8CB9E78C29EEFEF3000BEF6E /* Fitness_Tracker_AppUITests.swift in Sources */,
			);
			runOnlyForDeploymentPostprocessing = 0;
		};
/* End PBXSourcesBuildPhase section */

/* Begin PBXTargetDependency section */
		8CB9E77F29EEFEF3000BEF6E /* PBXTargetDependency */ = {
			isa = PBXTargetDependency;
			target = 8CB9E76329EEFEF2000BEF6E /* Fitness Tracker App */;
			targetProxy = 8CB9E77E29EEFEF3000BEF6E /* PBXContainerItemProxy */;
		};
		8CB9E78929EEFEF3000BEF6E /* PBXTargetDependency */ = {
			isa = PBXTargetDependency;
			target = 8CB9E76329EEFEF2000BEF6E /* Fitness Tracker App */;
			targetProxy = 8CB9E78829EEFEF3000BEF6E /* PBXContainerItemProxy */;
		};
/* End PBXTargetDependency section */

/* Begin PBXVariantGroup section */
		8CB9E76D29EEFEF2000BEF6E /* Main.storyboard */ = {
			isa = PBXVariantGroup;
			children = (
				8CB9E76E29EEFEF2000BEF6E /* Base */,
			);
			name = Main.storyboard;
			sourceTree = "<group>";
		};
		8CB9E77529EEFEF3000BEF6E /* LaunchScreen.storyboard */ = {
			isa = PBXVariantGroup;
			children = (
				8CB9E77629EEFEF3000BEF6E /* Base */,
			);
			name = LaunchScreen.storyboard;
			sourceTree = "<group>";
		};
/* End PBXVariantGroup section */

/* Begin XCBuildConfiguration section */
		8CB9E78F29EEFEF3000BEF6E /* Debug */ = {
			isa = XCBuildConfiguration;
			buildSettings = {
				ALWAYS_SEARCH_USER_PATHS = NO;
				CLANG_ANALYZER_NONNULL = YES;
				CLANG_ANALYZER_NUMBER_OBJECT_CONVERSION = YES_AGGRESSIVE;
				CLANG_CXX_LANGUAGE_STANDARD = "gnu++20";
				CLANG_ENABLE_MODULES = YES;
				CLANG_ENABLE_OBJC_ARC = YES;
				CLANG_ENABLE_OBJC_WEAK = YES;
				CLANG_WARN_BLOCK_CAPTURE_AUTORELEASING = YES;
				CLANG_WARN_BOOL_CONVERSION = YES;
				CLANG_WARN_COMMA = YES;
				CLANG_WARN_CONSTANT_CONVERSION = YES;
				CLANG_WARN_DEPRECATED_OBJC_IMPLEMENTATIONS = YES;
				CLANG_WARN_DIRECT_OBJC_ISA_USAGE = YES_ERROR;
				CLANG_WARN_DOCUMENTATION_COMMENTS = YES;
				CLANG_WARN_EMPTY_BODY = YES;
				CLANG_WARN_ENUM_CONVERSION = YES;
				CLANG_WARN_INFINITE_RECURSION = YES;
				CLANG_WARN_INT_CONVERSION = YES;
				CLANG_WARN_NON_LITERAL_NULL_CONVERSION = YES;
				CLANG_WARN_OBJC_IMPLICIT_RETAIN_SELF = YES;
				CLANG_WARN_OBJC_LITERAL_CONVERSION = YES;
				CLANG_WARN_OBJC_ROOT_CLASS = YES_ERROR;
				CLANG_WARN_QUOTED_INCLUDE_IN_FRAMEWORK_HEADER = YES;
				CLANG_WARN_RANGE_LOOP_ANALYSIS = YES;
				CLANG_WARN_STRICT_PROTOTYPES = YES;
				CLANG_WARN_SUSPICIOUS_MOVE = YES;
				CLANG_WARN_UNGUARDED_AVAILABILITY = YES_AGGRESSIVE;
				CLANG_WARN_UNREACHABLE_CODE = YES;
				CLANG_WARN__DUPLICATE_METHOD_MATCH = YES;
				COPY_PHASE_STRIP = NO;
				DEBUG_INFORMATION_FORMAT = dwarf;
				ENABLE_STRICT_OBJC_MSGSEND = YES;
				ENABLE_TESTABILITY = YES;
				GCC_C_LANGUAGE_STANDARD = gnu11;
				GCC_DYNAMIC_NO_PIC = NO;
				GCC_NO_COMMON_BLOCKS = YES;
				GCC_OPTIMIZATION_LEVEL = 0;
				GCC_PREPROCESSOR_DEFINITIONS = (
					"DEBUG=1",
					"$(inherited)",
				);
				GCC_WARN_64_TO_32_BIT_CONVERSION = YES;
				GCC_WARN_ABOUT_RETURN_TYPE = YES_ERROR;
				GCC_WARN_UNDECLARED_SELECTOR = YES;
				GCC_WARN_UNINITIALIZED_AUTOS = YES_AGGRESSIVE;
				GCC_WARN_UNUSED_FUNCTION = YES;
				GCC_WARN_UNUSED_VARIABLE = YES;
				IPHONEOS_DEPLOYMENT_TARGET = 16.2;
				MTL_ENABLE_DEBUG_INFO = INCLUDE_SOURCE;
				MTL_FAST_MATH = YES;
				ONLY_ACTIVE_ARCH = YES;
				SDKROOT = iphoneos;
				SWIFT_ACTIVE_COMPILATION_CONDITIONS = DEBUG;
				SWIFT_OPTIMIZATION_LEVEL = "-Onone";
			};
			name = Debug;
		};
		8CB9E79029EEFEF3000BEF6E /* Release */ = {
			isa = XCBuildConfiguration;
			buildSettings = {
				ALWAYS_SEARCH_USER_PATHS = NO;
				CLANG_ANALYZER_NONNULL = YES;
				CLANG_ANALYZER_NUMBER_OBJECT_CONVERSION = YES_AGGRESSIVE;
				CLANG_CXX_LANGUAGE_STANDARD = "gnu++20";
				CLANG_ENABLE_MODULES = YES;
				CLANG_ENABLE_OBJC_ARC = YES;
				CLANG_ENABLE_OBJC_WEAK = YES;
				CLANG_WARN_BLOCK_CAPTURE_AUTORELEASING = YES;
				CLANG_WARN_BOOL_CONVERSION = YES;
				CLANG_WARN_COMMA = YES;
				CLANG_WARN_CONSTANT_CONVERSION = YES;
				CLANG_WARN_DEPRECATED_OBJC_IMPLEMENTATIONS = YES;
				CLANG_WARN_DIRECT_OBJC_ISA_USAGE = YES_ERROR;
				CLANG_WARN_DOCUMENTATION_COMMENTS = YES;
				CLANG_WARN_EMPTY_BODY = YES;
				CLANG_WARN_ENUM_CONVERSION = YES;
				CLANG_WARN_INFINITE_RECURSION = YES;
				CLANG_WARN_INT_CONVERSION = YES;
				CLANG_WARN_NON_LITERAL_NULL_CONVERSION = YES;
				CLANG_WARN_OBJC_IMPLICIT_RETAIN_SELF = YES;
				CLANG_WARN_OBJC_LITERAL_CONVERSION = YES;
				CLANG_WARN_OBJC_ROOT_CLASS = YES_ERROR;
				CLANG_WARN_QUOTED_INCLUDE_IN_FRAMEWORK_HEADER = YES;
				CLANG_WARN_RANGE_LOOP_ANALYSIS = YES;
				CLANG_WARN_STRICT_PROTOTYPES = YES;
				CLANG_WARN_SUSPICIOUS_MOVE = YES;
				CLANG_WARN_UNGUARDED_AVAILABILITY = YES_AGGRESSIVE;
				CLANG_WARN_UNREACHABLE_CODE = YES;
				CLANG_WARN__DUPLICATE_METHOD_MATCH = YES;
				COPY_PHASE_STRIP = NO;
				DEBUG_INFORMATION_FORMAT = "dwarf-with-dsym";
				ENABLE_NS_ASSERTIONS = NO;
				ENABLE_STRICT_OBJC_MSGSEND = YES;
				GCC_C_LANGUAGE_STANDARD = gnu11;
				GCC_NO_COMMON_BLOCKS = YES;
				GCC_WARN_64_TO_32_BIT_CONVERSION = YES;
				GCC_WARN_ABOUT_RETURN_TYPE = YES_ERROR;
				GCC_WARN_UNDECLARED_SELECTOR = YES;
				GCC_WARN_UNINITIALIZED_AUTOS = YES_AGGRESSIVE;
				GCC_WARN_UNUSED_FUNCTION = YES;
				GCC_WARN_UNUSED_VARIABLE = YES;
				IPHONEOS_DEPLOYMENT_TARGET = 16.2;
				MTL_ENABLE_DEBUG_INFO = NO;
				MTL_FAST_MATH = YES;
				SDKROOT = iphoneos;
				SWIFT_COMPILATION_MODE = wholemodule;
				SWIFT_OPTIMIZATION_LEVEL = "-O";
				VALIDATE_PRODUCT = YES;
			};
			name = Release;
		};
		8CB9E79229EEFEF3000BEF6E /* Debug */ = {
			isa = XCBuildConfiguration;
			buildSettings = {
				ASSETCATALOG_COMPILER_APPICON_NAME = AppIcon;
				ASSETCATALOG_COMPILER_GLOBAL_ACCENT_COLOR_NAME = AccentColor;
				CODE_SIGN_STYLE = Automatic;
				CURRENT_PROJECT_VERSION = 1;
				DEVELOPMENT_TEAM = 8996593D3H;
				GENERATE_INFOPLIST_FILE = YES;
				INFOPLIST_FILE = "Fitness Tracker App/Info.plist";
				INFOPLIST_KEY_UIApplicationSupportsIndirectInputEvents = YES;
				INFOPLIST_KEY_UILaunchStoryboardName = LaunchScreen;
				INFOPLIST_KEY_UIMainStoryboardFile = Main;
				INFOPLIST_KEY_UISupportedInterfaceOrientations_iPad = "UIInterfaceOrientationPortrait UIInterfaceOrientationPortraitUpsideDown UIInterfaceOrientationLandscapeLeft UIInterfaceOrientationLandscapeRight";
				INFOPLIST_KEY_UISupportedInterfaceOrientations_iPhone = "UIInterfaceOrientationPortrait UIInterfaceOrientationLandscapeLeft UIInterfaceOrientationLandscapeRight";
				LD_RUNPATH_SEARCH_PATHS = (
					"$(inherited)",
					"@executable_path/Frameworks",
				);
				MARKETING_VERSION = 1.0;
				PRODUCT_BUNDLE_IDENTIFIER = "com.Fitness-Tracker-App";
				PRODUCT_NAME = "$(TARGET_NAME)";
				SWIFT_EMIT_LOC_STRINGS = YES;
				SWIFT_VERSION = 5.0;
				TARGETED_DEVICE_FAMILY = "1,2";
			};
			name = Debug;
		};
		8CB9E79329EEFEF3000BEF6E /* Release */ = {
			isa = XCBuildConfiguration;
			buildSettings = {
				ASSETCATALOG_COMPILER_APPICON_NAME = AppIcon;
				ASSETCATALOG_COMPILER_GLOBAL_ACCENT_COLOR_NAME = AccentColor;
				CODE_SIGN_STYLE = Automatic;
				CURRENT_PROJECT_VERSION = 1;
				DEVELOPMENT_TEAM = 8996593D3H;
				GENERATE_INFOPLIST_FILE = YES;
				INFOPLIST_FILE = "Fitness Tracker App/Info.plist";
				INFOPLIST_KEY_UIApplicationSupportsIndirectInputEvents = YES;
				INFOPLIST_KEY_UILaunchStoryboardName = LaunchScreen;
				INFOPLIST_KEY_UIMainStoryboardFile = Main;
				INFOPLIST_KEY_UISupportedInterfaceOrientations_iPad = "UIInterfaceOrientationPortrait UIInterfaceOrientationPortraitUpsideDown UIInterfaceOrientationLandscapeLeft UIInterfaceOrientationLandscapeRight";
				INFOPLIST_KEY_UISupportedInterfaceOrientations_iPhone = "UIInterfaceOrientationPortrait UIInterfaceOrientationLandscapeLeft UIInterfaceOrientationLandscapeRight";
				LD_RUNPATH_SEARCH_PATHS = (
					"$(inherited)",
					"@executable_path/Frameworks",
				);
				MARKETING_VERSION = 1.0;
				PRODUCT_BUNDLE_IDENTIFIER = "com.Fitness-Tracker-App";
				PRODUCT_NAME = "$(TARGET_NAME)";
				SWIFT_EMIT_LOC_STRINGS = YES;
				SWIFT_VERSION = 5.0;
				TARGETED_DEVICE_FAMILY = "1,2";
			};
			name = Release;
		};
		8CB9E79529EEFEF3000BEF6E /* Debug */ = {
			isa = XCBuildConfiguration;
			buildSettings = {
				ALWAYS_EMBED_SWIFT_STANDARD_LIBRARIES = YES;
				BUNDLE_LOADER = "$(TEST_HOST)";
				CODE_SIGN_STYLE = Automatic;
				CURRENT_PROJECT_VERSION = 1;
				DEVELOPMENT_TEAM = 8996593D3H;
				GENERATE_INFOPLIST_FILE = YES;
				IPHONEOS_DEPLOYMENT_TARGET = 16.2;
				MARKETING_VERSION = 1.0;
				PRODUCT_BUNDLE_IDENTIFIER = "com.Fitness-Tracker-AppTests";
				PRODUCT_NAME = "$(TARGET_NAME)";
				SWIFT_EMIT_LOC_STRINGS = NO;
				SWIFT_VERSION = 5.0;
				TARGETED_DEVICE_FAMILY = "1,2";
				TEST_HOST = "$(BUILT_PRODUCTS_DIR)/Fitness Tracker App.app/$(BUNDLE_EXECUTABLE_FOLDER_PATH)/Fitness Tracker App";
			};
			name = Debug;
		};
		8CB9E79629EEFEF3000BEF6E /* Release */ = {
			isa = XCBuildConfiguration;
			buildSettings = {
				ALWAYS_EMBED_SWIFT_STANDARD_LIBRARIES = YES;
				BUNDLE_LOADER = "$(TEST_HOST)";
				CODE_SIGN_STYLE = Automatic;
				CURRENT_PROJECT_VERSION = 1;
				DEVELOPMENT_TEAM = 8996593D3H;
				GENERATE_INFOPLIST_FILE = YES;
				IPHONEOS_DEPLOYMENT_TARGET = 16.2;
				MARKETING_VERSION = 1.0;
				PRODUCT_BUNDLE_IDENTIFIER = "com.Fitness-Tracker-AppTests";
				PRODUCT_NAME = "$(TARGET_NAME)";
				SWIFT_EMIT_LOC_STRINGS = NO;
				SWIFT_VERSION = 5.0;
				TARGETED_DEVICE_FAMILY = "1,2";
				TEST_HOST = "$(BUILT_PRODUCTS_DIR)/Fitness Tracker App.app/$(BUNDLE_EXECUTABLE_FOLDER_PATH)/Fitness Tracker App";
			};
			name = Release;
		};
		8CB9E79829EEFEF3000BEF6E /* Debug */ = {
			isa = XCBuildConfiguration;
			buildSettings = {
				ALWAYS_EMBED_SWIFT_STANDARD_LIBRARIES = YES;
				CODE_SIGN_STYLE = Automatic;
				CURRENT_PROJECT_VERSION = 1;
				DEVELOPMENT_TEAM = 8996593D3H;
				GENERATE_INFOPLIST_FILE = YES;
				MARKETING_VERSION = 1.0;
				PRODUCT_BUNDLE_IDENTIFIER = "com.Fitness-Tracker-AppUITests";
				PRODUCT_NAME = "$(TARGET_NAME)";
				SWIFT_EMIT_LOC_STRINGS = NO;
				SWIFT_VERSION = 5.0;
				TARGETED_DEVICE_FAMILY = "1,2";
				TEST_TARGET_NAME = "Fitness Tracker App";
			};
			name = Debug;
		};
		8CB9E79929EEFEF3000BEF6E /* Release */ = {
			isa = XCBuildConfiguration;
			buildSettings = {
				ALWAYS_EMBED_SWIFT_STANDARD_LIBRARIES = YES;
				CODE_SIGN_STYLE = Automatic;
				CURRENT_PROJECT_VERSION = 1;
				DEVELOPMENT_TEAM = 8996593D3H;
				GENERATE_INFOPLIST_FILE = YES;
				MARKETING_VERSION = 1.0;
				PRODUCT_BUNDLE_IDENTIFIER = "com.Fitness-Tracker-AppUITests";
				PRODUCT_NAME = "$(TARGET_NAME)";
				SWIFT_EMIT_LOC_STRINGS = NO;
				SWIFT_VERSION = 5.0;
				TARGETED_DEVICE_FAMILY = "1,2";
				TEST_TARGET_NAME = "Fitness Tracker App";
			};
			name = Release;
		};
/* End XCBuildConfiguration section */

/* Begin XCConfigurationList section */
		8CB9E75F29EEFEF2000BEF6E /* Build configuration list for PBXProject "Fitness Tracker App" */ = {
			isa = XCConfigurationList;
			buildConfigurations = (
				8CB9E78F29EEFEF3000BEF6E /* Debug */,
				8CB9E79029EEFEF3000BEF6E /* Release */,
			);
			defaultConfigurationIsVisible = 0;
			defaultConfigurationName = Release;
		};
		8CB9E79129EEFEF3000BEF6E /* Build configuration list for PBXNativeTarget "Fitness Tracker App" */ = {
			isa = XCConfigurationList;
			buildConfigurations = (
				8CB9E79229EEFEF3000BEF6E /* Debug */,
				8CB9E79329EEFEF3000BEF6E /* Release */,
			);
			defaultConfigurationIsVisible = 0;
			defaultConfigurationName = Release;
		};
		8CB9E79429EEFEF3000BEF6E /* Build configuration list for PBXNativeTarget "Fitness Tracker AppTests" */ = {
			isa = XCConfigurationList;
			buildConfigurations = (
				8CB9E79529EEFEF3000BEF6E /* Debug */,
				8CB9E79629EEFEF3000BEF6E /* Release */,
			);
			defaultConfigurationIsVisible = 0;
			defaultConfigurationName = Release;
		};
		8CB9E79729EEFEF3000BEF6E /* Build configuration list for PBXNativeTarget "Fitness Tracker AppUITests" */ = {
			isa = XCConfigurationList;
			buildConfigurations = (
				8CB9E79829EEFEF3000BEF6E /* Debug */,
				8CB9E79929EEFEF3000BEF6E /* Release */,
			);
			defaultConfigurationIsVisible = 0;
			defaultConfigurationName = Release;
		};
/* End XCConfigurationList section */

/* Begin XCVersionGroup section */
		8CB9E77029EEFEF2000BEF6E /* Fitness_Tracker_App.xcdatamodeld */ = {
			isa = XCVersionGroup;
			children = (
				8CB9E77129EEFEF2000BEF6E /* Fitness_Tracker_App.xcdatamodel */,
			);
			currentVersion = 8CB9E77129EEFEF2000BEF6E /* Fitness_Tracker_App.xcdatamodel */;
			path = Fitness_Tracker_App.xcdatamodeld;
			sourceTree = "<group>";
			versionGroupType = wrapper.xcdatamodel;
		};
/* End XCVersionGroup section */
	};
	rootObject = 8CB9E75C29EEFEF2000BEF6E /* Project object */;
}
